
Microsoft Visual Studio Solution File, Format Version 12.00
# Visual Studio Version 17
VisualStudioVersion = 17.14.36414.22 d17.14
MinimumVisualStudioVersion = 10.0.40219.1
Project("{8BC9CEB8-8B4A-11D0-8D11-00A0C91BC942}") = "Lab6", "Lab6\Lab6.vcxproj", "{950A4E69-8301-4649-8A94-3E3CDE085999}"
EndProject
Global
	GlobalSection(SolutionConfigurationPlatforms) = preSolution
		Debug|x64 = Debug|x64
		Debug|x86 = Debug|x86
		Release|x64 = Release|x64
		Release|x86 = Release|x86
	EndGlobalSection
	GlobalSection(ProjectConfigurationPlatforms) = postSolution
		{950A4E69-8301-4649-8A94-3E3CDE085999}.Debug|x64.ActiveCfg = Debug|x64
		{950A4E69-8301-4649-8A94-3E3CDE085999}.Debug|x64.Build.0 = Debug|x64
		{950A4E69-8301-4649-8A94-3E3CDE085999}.Debug|x86.ActiveCfg = Debug|Win32
		{950A4E69-8301-4649-8A94-3E3CDE085999}.Debug|x86.Build.0 = Debug|Win32
		{950A4E69-8301-4649-8A94-3E3CDE085999}.Release|x64.ActiveCfg = Release|x64
		{950A4E69-8301-4649-8A94-3E3CDE085999}.Release|x64.Build.0 = Release|x64
		{950A4E69-8301-4649-8A94-3E3CDE085999}.Release|x86.ActiveCfg = Release|Win32
		{950A4E69-8301-4649-8A94-3E3CDE085999}.Release|x86.Build.0 = Release|Win32
	EndGlobalSection
	GlobalSection(SolutionProperties) = preSolution
		HideSolutionNode = FALSE
	EndGlobalSection
	GlobalSection(ExtensibilityGlobals) = postSolution
		SolutionGuid = {162153FD-71AE-4D46-9298-729044117B1C}
	EndGlobalSection
EndGlobal
